{
  "name": "gitlab-slack-notification-by-google-apps-script",
  "version": "1.0.0",
  "lockfileVersion": 2,
  "requires": true,
  "packages": {
    "": {
      "version": "1.0.0",
      "license": "ISC",
      "dependencies": {
        "@types/google-apps-script": "^1.0.56"
      },
      "devDependencies": {
        "git-cz": "^4.9.0"
      }
    },
    "node_modules/@types/google-apps-script": {
      "version": "1.0.56",
      "resolved": "https://registry.npmjs.org/@types/google-apps-script/-/google-apps-script-1.0.56.tgz",
      "integrity": "sha512-3YGOtRlnWPSARl/n2BKt0qiIA6Y3/5BLC2zH9s/jcu+1rpxR07noLCFxTZ2BQBIfDl6+Vs9iKjLTgdbbL8q/mg=="
    },
    "node_modules/git-cz": {
      "version": "4.9.0",
      "resolved": "https://registry.npmjs.org/git-cz/-/git-cz-4.9.0.tgz",
      "integrity": "sha512-cSRL8IIOXU7UFLdbziCYqg8f8InwLwqHezkiRHNSph7oZqGv0togId1kMTfKil6gzK0VaSXeVBb4oDl0fQCHiw==",
      "dev": true,
      "bin": {
        "git-cz": "bin/git-cz.js",
        "gitcz": "bin/git-cz.js"
      }
    }
  },
  "dependencies": {
    "@types/google-apps-script": {
      "version": "1.0.56",
      "resolved": "https://registry.npmjs.org/@types/google-apps-script/-/google-apps-script-1.0.56.tgz",
      "integrity": "sha512-3YGOtRlnWPSARl/n2BKt0qiIA6Y3/5BLC2zH9s/jcu+1rpxR07noLCFxTZ2BQBIfDl6+Vs9iKjLTgdbbL8q/mg=="
    },
    "git-cz": {
      "version": "4.9.0",
      "resolved": "https://registry.npmjs.org/git-cz/-/git-cz-4.9.0.tgz",
      "integrity": "sha512-cSRL8IIOXU7UFLdbziCYqg8f8InwLwqHezkiRHNSph7oZqGv0togId1kMTfKil6gzK0VaSXeVBb4oDl0fQCHiw==",
      "dev": true
    }
  }
}
